// !$*UTF8*$!
{
	archiveVersion = 1;
	classes = {
	};
	objectVersion = 77;
	objects = {

/* Begin PBXBuildFile section */
		18F685072E01E21D006BCB1E /* AppDelegate.swift in Sources */ = {isa = PBXBuildFile; fileRef = 18F684FB2E01E21D006BCB1E /* AppDelegate.swift */; };
		18F685082E01E21D006BCB1E /* SceneDelegate.swift in Sources */ = {isa = PBXBuildFile; fileRef = 18F684FE2E01E21D006BCB1E /* SceneDelegate.swift */; };
		18F6850A2E01E21D006BCB1E /* LaunchScreen.storyboard in Resources */ = {isa = PBXBuildFile; fileRef = 18F684FD2E01E21D006BCB1E /* LaunchScreen.storyboard */; };
		18F6850B2E01E21D006BCB1E /* Assets.xcassets in Resources */ = {isa = PBXBuildFile; fileRef = 18F685012E01E21D006BCB1E /* Assets.xcassets */; };
		18F685102E01E223006BCB1E /* TASTEBUDSTests.swift in Sources */ = {isa = PBXBuildFile; fileRef = 18F6850E2E01E223006BCB1E /* TASTEBUDSTests.swift */; };
		18F685142E01E227006BCB1E /* TASTEBUDSUITests.swift in Sources */ = {isa = PBXBuildFile; fileRef = 18F685112E01E227006BCB1E /* TASTEBUDSUITests.swift */; };
		18F685152E01E227006BCB1E /* TASTEBUDSUITestsLaunchTests.swift in Sources */ = {isa = PBXBuildFile; fileRef = 18F685122E01E227006BCB1E /* TASTEBUDSUITestsLaunchTests.swift */; };
		18F6851B2E01E318006BCB1E /* RestaurantModel.swift in Sources */ = {isa = PBXBuildFile; fileRef = 18F6851A2E01E2D2006BCB1E /* RestaurantModel.swift */; };
		18F6851E2E01E455006BCB1E /* HomeViewController.swift in Sources */ = {isa = PBXBuildFile; fileRef = 18F6851C2E01E455006BCB1E /* HomeViewController.swift */; };
		18F6851F2E01E455006BCB1E /* HomeViewController.xib in Resources */ = {isa = PBXBuildFile; fileRef = 18F6851D2E01E455006BCB1E /* HomeViewController.xib */; };
		18F685212E01E46D006BCB1E /* HomeViewModel.swift in Sources */ = {isa = PBXBuildFile; fileRef = 18F685202E01E468006BCB1E /* HomeViewModel.swift */; };
		18F6870C2E0469A2006BCB1E /* APIService.swift in Sources */ = {isa = PBXBuildFile; fileRef = 18F6870B2E04699F006BCB1E /* APIService.swift */; };
		18F6870E2E046B2E006BCB1E /* APIManager.swift in Sources */ = {isa = PBXBuildFile; fileRef = 18F6870D2E046B2B006BCB1E /* APIManager.swift */; };
		18F687102E046DE7006BCB1E /* MealService.swift in Sources */ = {isa = PBXBuildFile; fileRef = 18F6870F2E046DE2006BCB1E /* MealService.swift */; };
		18F687132E047E30006BCB1E /* Common.swift in Sources */ = {isa = PBXBuildFile; fileRef = 18F687122E047E2D006BCB1E /* Common.swift */; };
		18F6871A2E047F25006BCB1E /* SwiftLoader in Frameworks */ = {isa = PBXBuildFile; productRef = 18F687192E047F25006BCB1E /* SwiftLoader */; };
		18F6871C2E047F33006BCB1E /* SwiftLoader in Frameworks */ = {isa = PBXBuildFile; productRef = 18F6871B2E047F33006BCB1E /* SwiftLoader */; };
		18F6871E2E047FB4006BCB1E /* Extension.swift in Sources */ = {isa = PBXBuildFile; fileRef = 18F6871D2E047FB1006BCB1E /* Extension.swift */; };
		18F687202E047FC8006BCB1E /* Constants.swift in Sources */ = {isa = PBXBuildFile; fileRef = 18F6871F2E047FC5006BCB1E /* Constants.swift */; };
		18F687282E0484C1006BCB1E /* RecipeTableViewCell.swift in Sources */ = {isa = PBXBuildFile; fileRef = 18F687262E0484C1006BCB1E /* RecipeTableViewCell.swift */; };
		18F687292E0484C1006BCB1E /* RecipeTableViewCell.xib in Resources */ = {isa = PBXBuildFile; fileRef = 18F687272E0484C1006BCB1E /* RecipeTableViewCell.xib */; };
		18F687742E048BA8006BCB1E /* Kingfisher in Frameworks */ = {isa = PBXBuildFile; productRef = 18F687732E048BA8006BCB1E /* Kingfisher */; };
		18F687762E048BAF006BCB1E /* Kingfisher in Frameworks */ = {isa = PBXBuildFile; productRef = 18F687752E048BAF006BCB1E /* Kingfisher */; };
/* End PBXBuildFile section */

/* Begin PBXContainerItemProxy section */
		18F684DC2E01E139006BCB1E /* PBXContainerItemProxy */ = {
			isa = PBXContainerItemProxy;
			containerPortal = 18F684BD2E01E137006BCB1E /* Project object */;
			proxyType = 1;
			remoteGlobalIDString = 18F684C42E01E137006BCB1E;
			remoteInfo = TASTEBUDS;
		};
		18F684E62E01E139006BCB1E /* PBXContainerItemProxy */ = {
			isa = PBXContainerItemProxy;
			containerPortal = 18F684BD2E01E137006BCB1E /* Project object */;
			proxyType = 1;
			remoteGlobalIDString = 18F684C42E01E137006BCB1E;
			remoteInfo = TASTEBUDS;
		};
/* End PBXContainerItemProxy section */

/* Begin PBXFileReference section */
		18F684C52E01E137006BCB1E /* TASTEBUDS.app */ = {isa = PBXFileReference; explicitFileType = wrapper.application; includeInIndex = 0; path = TASTEBUDS.app; sourceTree = BUILT_PRODUCTS_DIR; };
		18F684DB2E01E139006BCB1E /* TASTEBUDSTests.xctest */ = {isa = PBXFileReference; explicitFileType = wrapper.cfbundle; includeInIndex = 0; path = TASTEBUDSTests.xctest; sourceTree = BUILT_PRODUCTS_DIR; };
		18F684E52E01E139006BCB1E /* TASTEBUDSUITests.xctest */ = {isa = PBXFileReference; explicitFileType = wrapper.cfbundle; includeInIndex = 0; path = TASTEBUDSUITests.xctest; sourceTree = BUILT_PRODUCTS_DIR; };
		18F684FB2E01E21D006BCB1E /* AppDelegate.swift */ = {isa = PBXFileReference; lastKnownFileType = sourcecode.swift; path = AppDelegate.swift; sourceTree = "<group>"; };
		18F684FC2E01E21D006BCB1E /* Base */ = {isa = PBXFileReference; lastKnownFileType = file.storyboard; name = Base; path = Base.lproj/LaunchScreen.storyboard; sourceTree = "<group>"; };
		18F684FE2E01E21D006BCB1E /* SceneDelegate.swift */ = {isa = PBXFileReference; lastKnownFileType = sourcecode.swift; path = SceneDelegate.swift; sourceTree = "<group>"; };
		18F685012E01E21D006BCB1E /* Assets.xcassets */ = {isa = PBXFileReference; lastKnownFileType = folder.assetcatalog; path = Assets.xcassets; sourceTree = "<group>"; };
		18F685022E01E21D006BCB1E /* Info.plist */ = {isa = PBXFileReference; lastKnownFileType = text.plist.xml; path = Info.plist; sourceTree = "<group>"; };
		18F6850E2E01E223006BCB1E /* TASTEBUDSTests.swift */ = {isa = PBXFileReference; lastKnownFileType = sourcecode.swift; path = TASTEBUDSTests.swift; sourceTree = "<group>"; };
		18F685112E01E227006BCB1E /* TASTEBUDSUITests.swift */ = {isa = PBXFileReference; lastKnownFileType = sourcecode.swift; path = TASTEBUDSUITests.swift; sourceTree = "<group>"; };
		18F685122E01E227006BCB1E /* TASTEBUDSUITestsLaunchTests.swift */ = {isa = PBXFileReference; lastKnownFileType = sourcecode.swift; path = TASTEBUDSUITestsLaunchTests.swift; sourceTree = "<group>"; };
		18F6851A2E01E2D2006BCB1E /* RestaurantModel.swift */ = {isa = PBXFileReference; lastKnownFileType = sourcecode.swift; path = RestaurantModel.swift; sourceTree = "<group>"; };
		18F6851C2E01E455006BCB1E /* HomeViewController.swift */ = {isa = PBXFileReference; lastKnownFileType = sourcecode.swift; path = HomeViewController.swift; sourceTree = "<group>"; };
		18F6851D2E01E455006BCB1E /* HomeViewController.xib */ = {isa = PBXFileReference; lastKnownFileType = file.xib; path = HomeViewController.xib; sourceTree = "<group>"; };
		18F685202E01E468006BCB1E /* HomeViewModel.swift */ = {isa = PBXFileReference; lastKnownFileType = sourcecode.swift; path = HomeViewModel.swift; sourceTree = "<group>"; };
		18F6870B2E04699F006BCB1E /* APIService.swift */ = {isa = PBXFileReference; lastKnownFileType = sourcecode.swift; path = APIService.swift; sourceTree = "<group>"; };
		18F6870D2E046B2B006BCB1E /* APIManager.swift */ = {isa = PBXFileReference; lastKnownFileType = sourcecode.swift; path = APIManager.swift; sourceTree = "<group>"; };
		18F6870F2E046DE2006BCB1E /* MealService.swift */ = {isa = PBXFileReference; lastKnownFileType = sourcecode.swift; path = MealService.swift; sourceTree = "<group>"; };
		18F687122E047E2D006BCB1E /* Common.swift */ = {isa = PBXFileReference; lastKnownFileType = sourcecode.swift; path = Common.swift; sourceTree = "<group>"; };
		18F6871D2E047FB1006BCB1E /* Extension.swift */ = {isa = PBXFileReference; lastKnownFileType = sourcecode.swift; path = Extension.swift; sourceTree = "<group>"; };
		18F6871F2E047FC5006BCB1E /* Constants.swift */ = {isa = PBXFileReference; lastKnownFileType = sourcecode.swift; path = Constants.swift; sourceTree = "<group>"; };
		18F687262E0484C1006BCB1E /* RecipeTableViewCell.swift */ = {isa = PBXFileReference; lastKnownFileType = sourcecode.swift; path = RecipeTableViewCell.swift; sourceTree = "<group>"; };
		18F687272E0484C1006BCB1E /* RecipeTableViewCell.xib */ = {isa = PBXFileReference; lastKnownFileType = file.xib; path = RecipeTableViewCell.xib; sourceTree = "<group>"; };
/* End PBXFileReference section */

/* Begin PBXFrameworksBuildPhase section */
		18F684C22E01E137006BCB1E /* Frameworks */ = {
			isa = PBXFrameworksBuildPhase;
			buildActionMask = 2147483647;
			files = (
				18F687742E048BA8006BCB1E /* Kingfisher in Frameworks */,
				18F6871A2E047F25006BCB1E /* SwiftLoader in Frameworks */,
			);
			runOnlyForDeploymentPostprocessing = 0;
		};
		18F684D82E01E139006BCB1E /* Frameworks */ = {
			isa = PBXFrameworksBuildPhase;
			buildActionMask = 2147483647;
			files = (
			);
			runOnlyForDeploymentPostprocessing = 0;
		};
		18F684E22E01E139006BCB1E /* Frameworks */ = {
			isa = PBXFrameworksBuildPhase;
			buildActionMask = 2147483647;
			files = (
				18F687762E048BAF006BCB1E /* Kingfisher in Frameworks */,
				18F6871C2E047F33006BCB1E /* SwiftLoader in Frameworks */,
			);
			runOnlyForDeploymentPostprocessing = 0;
		};
/* End PBXFrameworksBuildPhase section */

/* Begin PBXGroup section */
		18F684BC2E01E137006BCB1E = {
			isa = PBXGroup;
			children = (
				18F685062E01E21D006BCB1E /* TASTEBUDS */,
				18F6850F2E01E223006BCB1E /* TASTEBUDSTests */,
				18F685132E01E227006BCB1E /* TASTEBUDSUITests */,
				18F684C62E01E137006BCB1E /* Products */,
			);
			sourceTree = "<group>";
		};
		18F684C62E01E137006BCB1E /* Products */ = {
			isa = PBXGroup;
			children = (
				18F684C52E01E137006BCB1E /* TASTEBUDS.app */,
				18F684DB2E01E139006BCB1E /* TASTEBUDSTests.xctest */,
				18F684E52E01E139006BCB1E /* TASTEBUDSUITests.xctest */,
			);
			name = Products;
			sourceTree = "<group>";
		};
		18F684FF2E01E21D006BCB1E /* Application */ = {
			isa = PBXGroup;
			children = (
				18F684FD2E01E21D006BCB1E /* LaunchScreen.storyboard */,
				18F684FB2E01E21D006BCB1E /* AppDelegate.swift */,
				18F684FE2E01E21D006BCB1E /* SceneDelegate.swift */,
			);
			path = Application;
			sourceTree = "<group>";
		};
		18F685002E01E21D006BCB1E /* Modules */ = {
			isa = PBXGroup;
			children = (
				18F685162E01E24E006BCB1E /* Home */,
			);
			path = Modules;
			sourceTree = "<group>";
		};
		18F685062E01E21D006BCB1E /* TASTEBUDS */ = {
			isa = PBXGroup;
			children = (
				18F687112E047E27006BCB1E /* Utilities */,
				18F6870A2E04692F006BCB1E /* APIService */,
				18F684FF2E01E21D006BCB1E /* Application */,
				18F685002E01E21D006BCB1E /* Modules */,
				18F685012E01E21D006BCB1E /* Assets.xcassets */,
				18F685022E01E21D006BCB1E /* Info.plist */,
			);
			path = TASTEBUDS;
			sourceTree = "<group>";
		};
		18F6850F2E01E223006BCB1E /* TASTEBUDSTests */ = {
			isa = PBXGroup;
			children = (
				18F6850E2E01E223006BCB1E /* TASTEBUDSTests.swift */,
			);
			path = TASTEBUDSTests;
			sourceTree = "<group>";
		};
		18F685132E01E227006BCB1E /* TASTEBUDSUITests */ = {
			isa = PBXGroup;
			children = (
				18F685112E01E227006BCB1E /* TASTEBUDSUITests.swift */,
				18F685122E01E227006BCB1E /* TASTEBUDSUITestsLaunchTests.swift */,
			);
			path = TASTEBUDSUITests;
			sourceTree = "<group>";
		};
		18F685162E01E24E006BCB1E /* Home */ = {
			isa = PBXGroup;
			children = (
				18F685172E01E27F006BCB1E /* Model */,
				18F685192E01E28E006BCB1E /* View */,
				18F685182E01E285006BCB1E /* ViewModel */,
				18F685222E01E4C0006BCB1E /* WebServices */,
			);
			path = Home;
			sourceTree = "<group>";
		};
		18F685172E01E27F006BCB1E /* Model */ = {
			isa = PBXGroup;
			children = (
				18F6851A2E01E2D2006BCB1E /* RestaurantModel.swift */,
			);
			path = Model;
			sourceTree = "<group>";
		};
		18F685182E01E285006BCB1E /* ViewModel */ = {
			isa = PBXGroup;
			children = (
				18F685202E01E468006BCB1E /* HomeViewModel.swift */,
			);
			path = ViewModel;
			sourceTree = "<group>";
		};
		18F685192E01E28E006BCB1E /* View */ = {
			isa = PBXGroup;
			children = (
				18F687212E048162006BCB1E /* Cells */,
				18F6851C2E01E455006BCB1E /* HomeViewController.swift */,
				18F6851D2E01E455006BCB1E /* HomeViewController.xib */,
			);
			path = View;
			sourceTree = "<group>";
		};
		18F685222E01E4C0006BCB1E /* WebServices */ = {
			isa = PBXGroup;
			children = (
				18F6870F2E046DE2006BCB1E /* MealService.swift */,
			);
			path = WebServices;
			sourceTree = "<group>";
		};
		18F6870A2E04692F006BCB1E /* APIService */ = {
			isa = PBXGroup;
			children = (
				18F6870D2E046B2B006BCB1E /* APIManager.swift */,
				18F6870B2E04699F006BCB1E /* APIService.swift */,
			);
			path = APIService;
			sourceTree = "<group>";
		};
		18F687112E047E27006BCB1E /* Utilities */ = {
			isa = PBXGroup;
			children = (
				18F6871F2E047FC5006BCB1E /* Constants.swift */,
				18F6871D2E047FB1006BCB1E /* Extension.swift */,
				18F687122E047E2D006BCB1E /* Common.swift */,
			);
			path = Utilities;
			sourceTree = "<group>";
		};
		18F687212E048162006BCB1E /* Cells */ = {
			isa = PBXGroup;
			children = (
				18F687262E0484C1006BCB1E /* RecipeTableViewCell.swift */,
				18F687272E0484C1006BCB1E /* RecipeTableViewCell.xib */,
			);
			path = Cells;
			sourceTree = "<group>";
		};
/* End PBXGroup section */

/* Begin PBXNativeTarget section */
		18F684C42E01E137006BCB1E /* TASTEBUDS */ = {
			isa = PBXNativeTarget;
			buildConfigurationList = 18F684EE2E01E139006BCB1E /* Build configuration list for PBXNativeTarget "TASTEBUDS" */;
			buildPhases = (
				18F684C12E01E137006BCB1E /* Sources */,
				18F684C22E01E137006BCB1E /* Frameworks */,
				18F684C32E01E137006BCB1E /* Resources */,
			);
			buildRules = (
			);
			dependencies = (
			);
			name = TASTEBUDS;
			packageProductDependencies = (
				18F687192E047F25006BCB1E /* SwiftLoader */,
				18F687732E048BA8006BCB1E /* Kingfisher */,
			);
			productName = TASTEBUDS;
			productReference = 18F684C52E01E137006BCB1E /* TASTEBUDS.app */;
			productType = "com.apple.product-type.application";
		};
		18F684DA2E01E139006BCB1E /* TASTEBUDSTests */ = {
			isa = PBXNativeTarget;
			buildConfigurationList = 18F684F32E01E139006BCB1E /* Build configuration list for PBXNativeTarget "TASTEBUDSTests" */;
			buildPhases = (
				18F684D72E01E139006BCB1E /* Sources */,
				18F684D82E01E139006BCB1E /* Frameworks */,
				18F684D92E01E139006BCB1E /* Resources */,
			);
			buildRules = (
			);
			dependencies = (
				18F684DD2E01E139006BCB1E /* PBXTargetDependency */,
			);
			name = TASTEBUDSTests;
			packageProductDependencies = (
			);
			productName = TASTEBUDSTests;
			productReference = 18F684DB2E01E139006BCB1E /* TASTEBUDSTests.xctest */;
			productType = "com.apple.product-type.bundle.unit-test";
		};
		18F684E42E01E139006BCB1E /* TASTEBUDSUITests */ = {
			isa = PBXNativeTarget;
			buildConfigurationList = 18F684F62E01E139006BCB1E /* Build configuration list for PBXNativeTarget "TASTEBUDSUITests" */;
			buildPhases = (
				18F684E12E01E139006BCB1E /* Sources */,
				18F684E22E01E139006BCB1E /* Frameworks */,
				18F684E32E01E139006BCB1E /* Resources */,
			);
			buildRules = (
			);
			dependencies = (
				18F684E72E01E139006BCB1E /* PBXTargetDependency */,
			);
			name = TASTEBUDSUITests;
			packageProductDependencies = (
				18F6871B2E047F33006BCB1E /* SwiftLoader */,
				18F687752E048BAF006BCB1E /* Kingfisher */,
			);
			productName = TASTEBUDSUITests;
			productReference = 18F684E52E01E139006BCB1E /* TASTEBUDSUITests.xctest */;
			productType = "com.apple.product-type.bundle.ui-testing";
		};
/* End PBXNativeTarget section */

/* Begin PBXProject section */
		18F684BD2E01E137006BCB1E /* Project object */ = {
			isa = PBXProject;
			attributes = {
				BuildIndependentTargetsInParallel = 1;
				LastSwiftUpdateCheck = 1630;
				LastUpgradeCheck = 1630;
				TargetAttributes = {
					18F684C42E01E137006BCB1E = {
						CreatedOnToolsVersion = 16.3;
					};
					18F684DA2E01E139006BCB1E = {
						CreatedOnToolsVersion = 16.3;
						TestTargetID = 18F684C42E01E137006BCB1E;
					};
					18F684E42E01E139006BCB1E = {
						CreatedOnToolsVersion = 16.3;
						TestTargetID = 18F684C42E01E137006BCB1E;
					};
				};
			};
			buildConfigurationList = 18F684C02E01E137006BCB1E /* Build configuration list for PBXProject "TASTEBUDS" */;
			developmentRegion = en;
			hasScannedForEncodings = 0;
			knownRegions = (
				en,
				Base,
			);
			mainGroup = 18F684BC2E01E137006BCB1E;
			minimizedProjectReferenceProxies = 1;
			packageReferences = (
				18F687182E047F24006BCB1E /* XCRemoteSwiftPackageReference "SwiftLoader" */,
				18F687722E048BA8006BCB1E /* XCRemoteSwiftPackageReference "Kingfisher" */,
			);
			preferredProjectObjectVersion = 77;
			productRefGroup = 18F684C62E01E137006BCB1E /* Products */;
			projectDirPath = "";
			projectRoot = "";
			targets = (
				18F684C42E01E137006BCB1E /* TASTEBUDS */,
				18F684DA2E01E139006BCB1E /* TASTEBUDSTests */,
				18F684E42E01E139006BCB1E /* TASTEBUDSUITests */,
			);
		};
/* End PBXProject section */

/* Begin PBXResourcesBuildPhase section */
		18F684C32E01E137006BCB1E /* Resources */ = {
			isa = PBXResourcesBuildPhase;
			buildActionMask = 2147483647;
			files = (
				18F6850A2E01E21D006BCB1E /* LaunchScreen.storyboard in Resources */,
				18F6850B2E01E21D006BCB1E /* Assets.xcassets in Resources */,
				18F6851F2E01E455006BCB1E /* HomeViewController.xib in Resources */,
				18F687292E0484C1006BCB1E /* RecipeTableViewCell.xib in Resources */,
			);
			runOnlyForDeploymentPostprocessing = 0;
		};
		18F684D92E01E139006BCB1E /* Resources */ = {
			isa = PBXResourcesBuildPhase;
			buildActionMask = 2147483647;
			files = (
			);
			runOnlyForDeploymentPostprocessing = 0;
		};
		18F684E32E01E139006BCB1E /* Resources */ = {
			isa = PBXResourcesBuildPhase;
			buildActionMask = 2147483647;
			files = (
			);
			runOnlyForDeploymentPostprocessing = 0;
		};
/* End PBXResourcesBuildPhase section */

/* Begin PBXSourcesBuildPhase section */
		18F684C12E01E137006BCB1E /* Sources */ = {
			isa = PBXSourcesBuildPhase;
			buildActionMask = 2147483647;
			files = (
				18F6851E2E01E455006BCB1E /* HomeViewController.swift in Sources */,
				18F687202E047FC8006BCB1E /* Constants.swift in Sources */,
				18F685212E01E46D006BCB1E /* HomeViewModel.swift in Sources */,
				18F687282E0484C1006BCB1E /* RecipeTableViewCell.swift in Sources */,
				18F685072E01E21D006BCB1E /* AppDelegate.swift in Sources */,
				18F685082E01E21D006BCB1E /* SceneDelegate.swift in Sources */,
				18F687132E047E30006BCB1E /* Common.swift in Sources */,
				18F6871E2E047FB4006BCB1E /* Extension.swift in Sources */,
				18F687102E046DE7006BCB1E /* MealService.swift in Sources */,
				18F6870C2E0469A2006BCB1E /* APIService.swift in Sources */,
				18F6851B2E01E318006BCB1E /* RestaurantModel.swift in Sources */,
				18F6870E2E046B2E006BCB1E /* APIManager.swift in Sources */,
			);
			runOnlyForDeploymentPostprocessing = 0;
		};
		18F684D72E01E139006BCB1E /* Sources */ = {
			isa = PBXSourcesBuildPhase;
			buildActionMask = 2147483647;
			files = (
				18F685102E01E223006BCB1E /* TASTEBUDSTests.swift in Sources */,
			);
			runOnlyForDeploymentPostprocessing = 0;
		};
		18F684E12E01E139006BCB1E /* Sources */ = {
			isa = PBXSourcesBuildPhase;
			buildActionMask = 2147483647;
			files = (
				18F685142E01E227006BCB1E /* TASTEBUDSUITests.swift in Sources */,
				18F685152E01E227006BCB1E /* TASTEBUDSUITestsLaunchTests.swift in Sources */,
			);
			runOnlyForDeploymentPostprocessing = 0;
		};
/* End PBXSourcesBuildPhase section */

/* Begin PBXTargetDependency section */
		18F684DD2E01E139006BCB1E /* PBXTargetDependency */ = {
			isa = PBXTargetDependency;
			target = 18F684C42E01E137006BCB1E /* TASTEBUDS */;
			targetProxy = 18F684DC2E01E139006BCB1E /* PBXContainerItemProxy */;
		};
		18F684E72E01E139006BCB1E /* PBXTargetDependency */ = {
			isa = PBXTargetDependency;
			target = 18F684C42E01E137006BCB1E /* TASTEBUDS */;
			targetProxy = 18F684E62E01E139006BCB1E /* PBXContainerItemProxy */;
		};
/* End PBXTargetDependency section */

/* Begin PBXVariantGroup section */
		18F684FD2E01E21D006BCB1E /* LaunchScreen.storyboard */ = {
			isa = PBXVariantGroup;
			children = (
				18F684FC2E01E21D006BCB1E /* Base */,
			);
			name = LaunchScreen.storyboard;
			sourceTree = "<group>";
		};
/* End PBXVariantGroup section */

/* Begin XCBuildConfiguration section */
		18F684EF2E01E139006BCB1E /* Debug */ = {
			isa = XCBuildConfiguration;
			buildSettings = {
				ASSETCATALOG_COMPILER_APPICON_NAME = AppIcon;
				ASSETCATALOG_COMPILER_GLOBAL_ACCENT_COLOR_NAME = AccentColor;
				CODE_SIGN_STYLE = Automatic;
				CURRENT_PROJECT_VERSION = 1;
				DEVELOPMENT_TEAM = Z37X84PRTQ;
				GENERATE_INFOPLIST_FILE = YES;
				INFOPLIST_FILE = TASTEBUDS/Info.plist;
				INFOPLIST_KEY_UIApplicationSupportsIndirectInputEvents = YES;
				INFOPLIST_KEY_UILaunchStoryboardName = LaunchScreen;
				INFOPLIST_KEY_UIMainStoryboardFile = "";
				INFOPLIST_KEY_UISupportedInterfaceOrientations_iPad = "UIInterfaceOrientationPortrait UIInterfaceOrientationPortraitUpsideDown UIInterfaceOrientationLandscapeLeft UIInterfaceOrientationLandscapeRight";
				INFOPLIST_KEY_UISupportedInterfaceOrientations_iPhone = "UIInterfaceOrientationPortrait UIInterfaceOrientationLandscapeLeft UIInterfaceOrientationLandscapeRight";
				IPHONEOS_DEPLOYMENT_TARGET = 13.0;
				LD_RUNPATH_SEARCH_PATHS = (
					"$(inherited)",
					"@executable_path/Frameworks",
				);
				MARKETING_VERSION = 1.0;
				PRODUCT_BUNDLE_IDENTIFIER = com.Aditya.TASTEBUDS;
				PRODUCT_NAME = "$(TARGET_NAME)";
				SWIFT_EMIT_LOC_STRINGS = YES;
				SWIFT_VERSION = 5.0;
				TARGETED_DEVICE_FAMILY = "1,2";
			};
			name = Debug;
		};
		18F684F02E01E139006BCB1E /* Release */ = {
			isa = XCBuildConfiguration;
			buildSettings = {
				ASSETCATALOG_COMPILER_APPICON_NAME = AppIcon;
				ASSETCATALOG_COMPILER_GLOBAL_ACCENT_COLOR_NAME = AccentColor;
				CODE_SIGN_STYLE = Automatic;
				CURRENT_PROJECT_VERSION = 1;
				DEVELOPMENT_TEAM = Z37X84PRTQ;
				GENERATE_INFOPLIST_FILE = YES;
				INFOPLIST_FILE = TASTEBUDS/Info.plist;
				INFOPLIST_KEY_UIApplicationSupportsIndirectInputEvents = YES;
				INFOPLIST_KEY_UILaunchStoryboardName = LaunchScreen;
				INFOPLIST_KEY_UIMainStoryboardFile = "";
				INFOPLIST_KEY_UISupportedInterfaceOrientations_iPad = "UIInterfaceOrientationPortrait UIInterfaceOrientationPortraitUpsideDown UIInterfaceOrientationLandscapeLeft UIInterfaceOrientationLandscapeRight";
				INFOPLIST_KEY_UISupportedInterfaceOrientations_iPhone = "UIInterfaceOrientationPortrait UIInterfaceOrientationLandscapeLeft UIInterfaceOrientationLandscapeRight";
				IPHONEOS_DEPLOYMENT_TARGET = 13.0;
				LD_RUNPATH_SEARCH_PATHS = (
					"$(inherited)",
					"@executable_path/Frameworks",
				);
				MARKETING_VERSION = 1.0;
				PRODUCT_BUNDLE_IDENTIFIER = com.Aditya.TASTEBUDS;
				PRODUCT_NAME = "$(TARGET_NAME)";
				SWIFT_EMIT_LOC_STRINGS = YES;
				SWIFT_VERSION = 5.0;
				TARGETED_DEVICE_FAMILY = "1,2";
			};
			name = Release;
		};
		18F684F12E01E139006BCB1E /* Debug */ = {
			isa = XCBuildConfiguration;
			buildSettings = {
				ALWAYS_SEARCH_USER_PATHS = NO;
				ASSETCATALOG_COMPILER_GENERATE_SWIFT_ASSET_SYMBOL_EXTENSIONS = YES;
				CLANG_ANALYZER_NONNULL = YES;
				CLANG_ANALYZER_NUMBER_OBJECT_CONVERSION = YES_AGGRESSIVE;
				CLANG_CXX_LANGUAGE_STANDARD = "gnu++20";
				CLANG_ENABLE_MODULES = YES;
				CLANG_ENABLE_OBJC_ARC = YES;
				CLANG_ENABLE_OBJC_WEAK = YES;
				CLANG_WARN_BLOCK_CAPTURE_AUTORELEASING = YES;
				CLANG_WARN_BOOL_CONVERSION = YES;
				CLANG_WARN_COMMA = YES;
				CLANG_WARN_CONSTANT_CONVERSION = YES;
				CLANG_WARN_DEPRECATED_OBJC_IMPLEMENTATIONS = YES;
				CLANG_WARN_DIRECT_OBJC_ISA_USAGE = YES_ERROR;
				CLANG_WARN_DOCUMENTATION_COMMENTS = YES;
				CLANG_WARN_EMPTY_BODY = YES;
				CLANG_WARN_ENUM_CONVERSION = YES;
				CLANG_WARN_INFINITE_RECURSION = YES;
				CLANG_WARN_INT_CONVERSION = YES;
				CLANG_WARN_NON_LITERAL_NULL_CONVERSION = YES;
				CLANG_WARN_OBJC_IMPLICIT_RETAIN_SELF = YES;
				CLANG_WARN_OBJC_LITERAL_CONVERSION = YES;
				CLANG_WARN_OBJC_ROOT_CLASS = YES_ERROR;
				CLANG_WARN_QUOTED_INCLUDE_IN_FRAMEWORK_HEADER = YES;
				CLANG_WARN_RANGE_LOOP_ANALYSIS = YES;
				CLANG_WARN_STRICT_PROTOTYPES = YES;
				CLANG_WARN_SUSPICIOUS_MOVE = YES;
				CLANG_WARN_UNGUARDED_AVAILABILITY = YES_AGGRESSIVE;
				CLANG_WARN_UNREACHABLE_CODE = YES;
				CLANG_WARN__DUPLICATE_METHOD_MATCH = YES;
				COPY_PHASE_STRIP = NO;
				DEBUG_INFORMATION_FORMAT = dwarf;
				DEVELOPMENT_TEAM = Z37X84PRTQ;
				ENABLE_STRICT_OBJC_MSGSEND = YES;
				ENABLE_TESTABILITY = YES;
				ENABLE_USER_SCRIPT_SANDBOXING = YES;
				GCC_C_LANGUAGE_STANDARD = gnu17;
				GCC_DYNAMIC_NO_PIC = NO;
				GCC_NO_COMMON_BLOCKS = YES;
				GCC_OPTIMIZATION_LEVEL = 0;
				GCC_PREPROCESSOR_DEFINITIONS = (
					"DEBUG=1",
					"$(inherited)",
				);
				GCC_WARN_64_TO_32_BIT_CONVERSION = YES;
				GCC_WARN_ABOUT_RETURN_TYPE = YES_ERROR;
				GCC_WARN_UNDECLARED_SELECTOR = YES;
				GCC_WARN_UNINITIALIZED_AUTOS = YES_AGGRESSIVE;
				GCC_WARN_UNUSED_FUNCTION = YES;
				GCC_WARN_UNUSED_VARIABLE = YES;
				IPHONEOS_DEPLOYMENT_TARGET = 18.4;
				LOCALIZATION_PREFERS_STRING_CATALOGS = YES;
				MTL_ENABLE_DEBUG_INFO = INCLUDE_SOURCE;
				MTL_FAST_MATH = YES;
				ONLY_ACTIVE_ARCH = YES;
				SDKROOT = iphoneos;
				SWIFT_ACTIVE_COMPILATION_CONDITIONS = "DEBUG $(inherited)";
				SWIFT_OPTIMIZATION_LEVEL = "-Onone";
			};
			name = Debug;
		};
		18F684F22E01E139006BCB1E /* Release */ = {
			isa = XCBuildConfiguration;
			buildSettings = {
				ALWAYS_SEARCH_USER_PATHS = NO;
				ASSETCATALOG_COMPILER_GENERATE_SWIFT_ASSET_SYMBOL_EXTENSIONS = YES;
				CLANG_ANALYZER_NONNULL = YES;
				CLANG_ANALYZER_NUMBER_OBJECT_CONVERSION = YES_AGGRESSIVE;
				CLANG_CXX_LANGUAGE_STANDARD = "gnu++20";
				CLANG_ENABLE_MODULES = YES;
				CLANG_ENABLE_OBJC_ARC = YES;
				CLANG_ENABLE_OBJC_WEAK = YES;
				CLANG_WARN_BLOCK_CAPTURE_AUTORELEASING = YES;
				CLANG_WARN_BOOL_CONVERSION = YES;
				CLANG_WARN_COMMA = YES;
				CLANG_WARN_CONSTANT_CONVERSION = YES;
				CLANG_WARN_DEPRECATED_OBJC_IMPLEMENTATIONS = YES;
				CLANG_WARN_DIRECT_OBJC_ISA_USAGE = YES_ERROR;
				CLANG_WARN_DOCUMENTATION_COMMENTS = YES;
				CLANG_WARN_EMPTY_BODY = YES;
				CLANG_WARN_ENUM_CONVERSION = YES;
				CLANG_WARN_INFINITE_RECURSION = YES;
				CLANG_WARN_INT_CONVERSION = YES;
				CLANG_WARN_NON_LITERAL_NULL_CONVERSION = YES;
				CLANG_WARN_OBJC_IMPLICIT_RETAIN_SELF = YES;
				CLANG_WARN_OBJC_LITERAL_CONVERSION = YES;
				CLANG_WARN_OBJC_ROOT_CLASS = YES_ERROR;
				CLANG_WARN_QUOTED_INCLUDE_IN_FRAMEWORK_HEADER = YES;
				CLANG_WARN_RANGE_LOOP_ANALYSIS = YES;
				CLANG_WARN_STRICT_PROTOTYPES = YES;
				CLANG_WARN_SUSPICIOUS_MOVE = YES;
				CLANG_WARN_UNGUARDED_AVAILABILITY = YES_AGGRESSIVE;
				CLANG_WARN_UNREACHABLE_CODE = YES;
				CLANG_WARN__DUPLICATE_METHOD_MATCH = YES;
				COPY_PHASE_STRIP = NO;
				DEBUG_INFORMATION_FORMAT = "dwarf-with-dsym";
				DEVELOPMENT_TEAM = Z37X84PRTQ;
				ENABLE_NS_ASSERTIONS = NO;
				ENABLE_STRICT_OBJC_MSGSEND = YES;
				ENABLE_USER_SCRIPT_SANDBOXING = YES;
				GCC_C_LANGUAGE_STANDARD = gnu17;
				GCC_NO_COMMON_BLOCKS = YES;
				GCC_WARN_64_TO_32_BIT_CONVERSION = YES;
				GCC_WARN_ABOUT_RETURN_TYPE = YES_ERROR;
				GCC_WARN_UNDECLARED_SELECTOR = YES;
				GCC_WARN_UNINITIALIZED_AUTOS = YES_AGGRESSIVE;
				GCC_WARN_UNUSED_FUNCTION = YES;
				GCC_WARN_UNUSED_VARIABLE = YES;
				IPHONEOS_DEPLOYMENT_TARGET = 18.4;
				LOCALIZATION_PREFERS_STRING_CATALOGS = YES;
				MTL_ENABLE_DEBUG_INFO = NO;
				MTL_FAST_MATH = YES;
				SDKROOT = iphoneos;
				SWIFT_COMPILATION_MODE = wholemodule;
				VALIDATE_PRODUCT = YES;
			};
			name = Release;
		};
		18F684F42E01E139006BCB1E /* Debug */ = {
			isa = XCBuildConfiguration;
			buildSettings = {
				BUNDLE_LOADER = "$(TEST_HOST)";
				CODE_SIGN_STYLE = Automatic;
				CURRENT_PROJECT_VERSION = 1;
				DEVELOPMENT_TEAM = Z37X84PRTQ;
				GENERATE_INFOPLIST_FILE = YES;
				IPHONEOS_DEPLOYMENT_TARGET = 13.0;
				MARKETING_VERSION = 1.0;
				PRODUCT_BUNDLE_IDENTIFIER = com.Aditya.TASTEBUDSTests;
				PRODUCT_NAME = "$(TARGET_NAME)";
				SWIFT_EMIT_LOC_STRINGS = NO;
				SWIFT_VERSION = 5.0;
				TARGETED_DEVICE_FAMILY = "1,2";
				TEST_HOST = "$(BUILT_PRODUCTS_DIR)/TASTEBUDS.app/$(BUNDLE_EXECUTABLE_FOLDER_PATH)/TASTEBUDS";
			};
			name = Debug;
		};
		18F684F52E01E139006BCB1E /* Release */ = {
			isa = XCBuildConfiguration;
			buildSettings = {
				BUNDLE_LOADER = "$(TEST_HOST)";
				CODE_SIGN_STYLE = Automatic;
				CURRENT_PROJECT_VERSION = 1;
				DEVELOPMENT_TEAM = Z37X84PRTQ;
				GENERATE_INFOPLIST_FILE = YES;
				IPHONEOS_DEPLOYMENT_TARGET = 13.0;
				MARKETING_VERSION = 1.0;
				PRODUCT_BUNDLE_IDENTIFIER = com.Aditya.TASTEBUDSTests;
				PRODUCT_NAME = "$(TARGET_NAME)";
				SWIFT_EMIT_LOC_STRINGS = NO;
				SWIFT_VERSION = 5.0;
				TARGETED_DEVICE_FAMILY = "1,2";
				TEST_HOST = "$(BUILT_PRODUCTS_DIR)/TASTEBUDS.app/$(BUNDLE_EXECUTABLE_FOLDER_PATH)/TASTEBUDS";
			};
			name = Release;
		};
		18F684F72E01E139006BCB1E /* Debug */ = {
			isa = XCBuildConfiguration;
			buildSettings = {
				CODE_SIGN_STYLE = Automatic;
				CURRENT_PROJECT_VERSION = 1;
				DEVELOPMENT_TEAM = Z37X84PRTQ;
				GENERATE_INFOPLIST_FILE = YES;
				IPHONEOS_DEPLOYMENT_TARGET = 13.0;
				MARKETING_VERSION = 1.0;
				PRODUCT_BUNDLE_IDENTIFIER = com.Aditya.TASTEBUDSUITests;
				PRODUCT_NAME = "$(TARGET_NAME)";
				SWIFT_EMIT_LOC_STRINGS = NO;
				SWIFT_VERSION = 5.0;
				TARGETED_DEVICE_FAMILY = "1,2";
				TEST_TARGET_NAME = TASTEBUDS;
			};
			name = Debug;
		};
		18F684F82E01E139006BCB1E /* Release */ = {
			isa = XCBuildConfiguration;
			buildSettings = {
				CODE_SIGN_STYLE = Automatic;
				CURRENT_PROJECT_VERSION = 1;
				DEVELOPMENT_TEAM = Z37X84PRTQ;
				GENERATE_INFOPLIST_FILE = YES;
				IPHONEOS_DEPLOYMENT_TARGET = 13.0;
				MARKETING_VERSION = 1.0;
				PRODUCT_BUNDLE_IDENTIFIER = com.Aditya.TASTEBUDSUITests;
				PRODUCT_NAME = "$(TARGET_NAME)";
				SWIFT_EMIT_LOC_STRINGS = NO;
				SWIFT_VERSION = 5.0;
				TARGETED_DEVICE_FAMILY = "1,2";
				TEST_TARGET_NAME = TASTEBUDS;
			};
			name = Release;
		};
/* End XCBuildConfiguration section */

/* Begin XCConfigurationList section */
		18F684C02E01E137006BCB1E /* Build configuration list for PBXProject "TASTEBUDS" */ = {
			isa = XCConfigurationList;
			buildConfigurations = (
				18F684F12E01E139006BCB1E /* Debug */,
				18F684F22E01E139006BCB1E /* Release */,
			);
			defaultConfigurationIsVisible = 0;
			defaultConfigurationName = Release;
		};
		18F684EE2E01E139006BCB1E /* Build configuration list for PBXNativeTarget "TASTEBUDS" */ = {
			isa = XCConfigurationList;
			buildConfigurations = (
				18F684EF2E01E139006BCB1E /* Debug */,
				18F684F02E01E139006BCB1E /* Release */,
			);
			defaultConfigurationIsVisible = 0;
			defaultConfigurationName = Release;
		};
		18F684F32E01E139006BCB1E /* Build configuration list for PBXNativeTarget "TASTEBUDSTests" */ = {
			isa = XCConfigurationList;
			buildConfigurations = (
				18F684F42E01E139006BCB1E /* Debug */,
				18F684F52E01E139006BCB1E /* Release */,
			);
			defaultConfigurationIsVisible = 0;
			defaultConfigurationName = Release;
		};
		18F684F62E01E139006BCB1E /* Build configuration list for PBXNativeTarget "TASTEBUDSUITests" */ = {
			isa = XCConfigurationList;
			buildConfigurations = (
				18F684F72E01E139006BCB1E /* Debug */,
				18F684F82E01E139006BCB1E /* Release */,
			);
			defaultConfigurationIsVisible = 0;
			defaultConfigurationName = Release;
		};
/* End XCConfigurationList section */

/* Begin XCRemoteSwiftPackageReference section */
		18F687182E047F24006BCB1E /* XCRemoteSwiftPackageReference "SwiftLoader" */ = {
			isa = XCRemoteSwiftPackageReference;
			repositoryURL = "https://github.com/leoru/SwiftLoader";
			requirement = {
				kind = upToNextMajorVersion;
				minimumVersion = 1.0.0;
			};
		};
		18F687722E048BA8006BCB1E /* XCRemoteSwiftPackageReference "Kingfisher" */ = {
			isa = XCRemoteSwiftPackageReference;
			repositoryURL = "https://github.com/onevcat/Kingfisher";
			requirement = {
				kind = upToNextMajorVersion;
				minimumVersion = 8.3.2;
			};
		};
/* End XCRemoteSwiftPackageReference section */

/* Begin XCSwiftPackageProductDependency section */
		18F687192E047F25006BCB1E /* SwiftLoader */ = {
			isa = XCSwiftPackageProductDependency;
			package = 18F687182E047F24006BCB1E /* XCRemoteSwiftPackageReference "SwiftLoader" */;
			productName = SwiftLoader;
		};
		18F6871B2E047F33006BCB1E /* SwiftLoader */ = {
			isa = XCSwiftPackageProductDependency;
			package = 18F687182E047F24006BCB1E /* XCRemoteSwiftPackageReference "SwiftLoader" */;
			productName = SwiftLoader;
		};
		18F687732E048BA8006BCB1E /* Kingfisher */ = {
			isa = XCSwiftPackageProductDependency;
			package = 18F687722E048BA8006BCB1E /* XCRemoteSwiftPackageReference "Kingfisher" */;
			productName = Kingfisher;
		};
		18F687752E048BAF006BCB1E /* Kingfisher */ = {
			isa = XCSwiftPackageProductDependency;
			package = 18F687722E048BA8006BCB1E /* XCRemoteSwiftPackageReference "Kingfisher" */;
			productName = Kingfisher;
		};
/* End XCSwiftPackageProductDependency section */
	};
	rootObject = 18F684BD2E01E137006BCB1E /* Project object */;
}
